
Microsoft Visual Studio Solution File, Format Version 12.00
# Visual Studio Version 17
VisualStudioVersion = 17.3.32929.385
MinimumVisualStudioVersion = 10.0.40219.1
Project("{FAE04EC0-301F-11D3-BF4B-00C04F79EFBC}") = "SchedulingAssistant", "SchedulingAssistant\SchedulingAssistant.csproj", "{DFEC3DB4-4F13-496B-B8DB-431809D3D00E}"
EndProject
Global
	GlobalSection(SolutionConfigurationPlatforms) = preSolution
		Debug|Any CPU = Debug|Any CPU
		Release|Any CPU = Release|Any CPU
	EndGlobalSection
	GlobalSection(ProjectConfigurationPlatforms) = postSolution
		{DFEC3DB4-4F13-496B-B8DB-431809D3D00E}.Debug|Any CPU.ActiveCfg = Debug|Any CPU
		{DFEC3DB4-4F13-496B-B8DB-431809D3D00E}.Debug|Any CPU.Build.0 = Debug|Any CPU
		{DFEC3DB4-4F13-496B-B8DB-431809D3D00E}.Release|Any CPU.ActiveCfg = Release|Any CPU
		{DFEC3DB4-4F13-496B-B8DB-431809D3D00E}.Release|Any CPU.Build.0 = Release|Any CPU
	EndGlobalSection
	GlobalSection(SolutionProperties) = preSolution
		HideSolutionNode = FALSE
	EndGlobalSection
	GlobalSection(ExtensibilityGlobals) = postSolution
		SolutionGuid = {1E67C29D-E764-46D4-921D-FD456715A513}
	EndGlobalSection
EndGlobal
